# This file is automatically @generated by Cargo.
# It is not intended for manual editing.
[[package]]
name = "lapp"
version = "0.4.0"
source = "registry+https://github.com/rust-lang/crates.io-index"
checksum = "60bf485afeba9437a275ad29a9383b03f2978450e7feceffb55be8c0dbad9829"

[[package]]
name = "md5"
version = "0.7.0"
source = "registry+https://github.com/rust-lang/crates.io-index"
checksum = "490cc448043f947bae3cbee9c203358d62dbee0db12107a74be5c30ccfd09771"

[[package]]
name = "suboptimal"
version = "0.1.0"
dependencies = [
 "lapp",
 "md5",
]
